
Microsoft Visual Studio Solution File, Format Version 12.00
# Visual Studio 2012
Project("{FAE04EC0-301F-11D3-BF4B-00C04F79EFBC}") = "iOS", "iOS\iOS.csproj", "{BC245F72-42E2-4E5C-AD01-B337332E2F48}"
EndProject
Project("{FAE04EC0-301F-11D3-BF4B-00C04F79EFBC}") = "Shared", "Shared\Shared.csproj", "{A563B291-A2C5-4997-8F10-7755D9AE9C2E}"
EndProject
Project("{FAE04EC0-301F-11D3-BF4B-00C04F79EFBC}") = "BauerCircles.Android", "Android\BauerCircles.Android.csproj", "{CF07371C-E80C-4678-9772-AC94F27D6A18}"
EndProject
Global
	GlobalSection(SolutionConfigurationPlatforms) = preSolution
		Debug|iPhoneSimulator = Debug|iPhoneSimulator
		Release|iPhoneSimulator = Release|iPhoneSimulator
		Debug|iPhone = Debug|iPhone
		Release|iPhone = Release|iPhone
		Ad-Hoc|iPhone = Ad-Hoc|iPhone
		AppStore|iPhone = AppStore|iPhone
	EndGlobalSection
	GlobalSection(ProjectConfigurationPlatforms) = postSolution
		{A563B291-A2C5-4997-8F10-7755D9AE9C2E}.Ad-Hoc|iPhone.ActiveCfg = Release|Any CPU
		{A563B291-A2C5-4997-8F10-7755D9AE9C2E}.Ad-Hoc|iPhone.Build.0 = Release|Any CPU
		{A563B291-A2C5-4997-8F10-7755D9AE9C2E}.AppStore|iPhone.ActiveCfg = Release|Any CPU
		{A563B291-A2C5-4997-8F10-7755D9AE9C2E}.AppStore|iPhone.Build.0 = Release|Any CPU
		{A563B291-A2C5-4997-8F10-7755D9AE9C2E}.Debug|iPhone.ActiveCfg = Debug|Any CPU
		{A563B291-A2C5-4997-8F10-7755D9AE9C2E}.Debug|iPhone.Build.0 = Debug|Any CPU
		{A563B291-A2C5-4997-8F10-7755D9AE9C2E}.Debug|iPhoneSimulator.ActiveCfg = Debug|Any CPU
		{A563B291-A2C5-4997-8F10-7755D9AE9C2E}.Debug|iPhoneSimulator.Build.0 = Debug|Any CPU
		{A563B291-A2C5-4997-8F10-7755D9AE9C2E}.Release|iPhone.ActiveCfg = Release|Any CPU
		{A563B291-A2C5-4997-8F10-7755D9AE9C2E}.Release|iPhone.Build.0 = Release|Any CPU
		{A563B291-A2C5-4997-8F10-7755D9AE9C2E}.Release|iPhoneSimulator.ActiveCfg = Release|Any CPU
		{A563B291-A2C5-4997-8F10-7755D9AE9C2E}.Release|iPhoneSimulator.Build.0 = Release|Any CPU
		{BC245F72-42E2-4E5C-AD01-B337332E2F48}.Ad-Hoc|iPhone.ActiveCfg = Ad-Hoc|iPhone
		{BC245F72-42E2-4E5C-AD01-B337332E2F48}.Ad-Hoc|iPhone.Build.0 = Ad-Hoc|iPhone
		{BC245F72-42E2-4E5C-AD01-B337332E2F48}.AppStore|iPhone.ActiveCfg = AppStore|iPhone
		{BC245F72-42E2-4E5C-AD01-B337332E2F48}.AppStore|iPhone.Build.0 = AppStore|iPhone
		{BC245F72-42E2-4E5C-AD01-B337332E2F48}.Debug|iPhone.ActiveCfg = Debug|iPhone
		{BC245F72-42E2-4E5C-AD01-B337332E2F48}.Debug|iPhone.Build.0 = Debug|iPhone
		{BC245F72-42E2-4E5C-AD01-B337332E2F48}.Debug|iPhoneSimulator.ActiveCfg = Debug|iPhoneSimulator
		{BC245F72-42E2-4E5C-AD01-B337332E2F48}.Debug|iPhoneSimulator.Build.0 = Debug|iPhoneSimulator
		{BC245F72-42E2-4E5C-AD01-B337332E2F48}.Release|iPhone.ActiveCfg = Release|iPhone
		{BC245F72-42E2-4E5C-AD01-B337332E2F48}.Release|iPhone.Build.0 = Release|iPhone
		{BC245F72-42E2-4E5C-AD01-B337332E2F48}.Release|iPhoneSimulator.ActiveCfg = Release|iPhoneSimulator
		{BC245F72-42E2-4E5C-AD01-B337332E2F48}.Release|iPhoneSimulator.Build.0 = Release|iPhoneSimulator
		{CF07371C-E80C-4678-9772-AC94F27D6A18}.Ad-Hoc|iPhone.ActiveCfg = Release|Any CPU
		{CF07371C-E80C-4678-9772-AC94F27D6A18}.Ad-Hoc|iPhone.Build.0 = Release|Any CPU
		{CF07371C-E80C-4678-9772-AC94F27D6A18}.AppStore|iPhone.ActiveCfg = Release|Any CPU
		{CF07371C-E80C-4678-9772-AC94F27D6A18}.AppStore|iPhone.Build.0 = Release|Any CPU
		{CF07371C-E80C-4678-9772-AC94F27D6A18}.Debug|iPhone.ActiveCfg = Debug|Any CPU
		{CF07371C-E80C-4678-9772-AC94F27D6A18}.Debug|iPhone.Build.0 = Debug|Any CPU
		{CF07371C-E80C-4678-9772-AC94F27D6A18}.Debug|iPhoneSimulator.ActiveCfg = Debug|Any CPU
		{CF07371C-E80C-4678-9772-AC94F27D6A18}.Debug|iPhoneSimulator.Build.0 = Debug|Any CPU
		{CF07371C-E80C-4678-9772-AC94F27D6A18}.Release|iPhone.ActiveCfg = Release|Any CPU
		{CF07371C-E80C-4678-9772-AC94F27D6A18}.Release|iPhone.Build.0 = Release|Any CPU
		{CF07371C-E80C-4678-9772-AC94F27D6A18}.Release|iPhoneSimulator.ActiveCfg = Release|Any CPU
		{CF07371C-E80C-4678-9772-AC94F27D6A18}.Release|iPhoneSimulator.Build.0 = Release|Any CPU
	EndGlobalSection
	GlobalSection(MonoDevelopProperties) = preSolution
		StartupItem = iOS\iOS.csproj
	EndGlobalSection
EndGlobal
